{
  "originHash" : "b6de9ce77edf9c080abf0fd7fe502d423762a5581187b008950fa2e8ef09320f",
  "pins" : [
    {
      "identity" : "swiftscaffolding",
      "kind" : "remoteSourceControl",
      "location" : "https://github.com/CylorineStudio/SwiftScaffolding",
      "state" : {
        "revision" : "e5f44ced067bc37fede891035ddc3b5f75800669",
        "version" : "0.2.1"
      }
    },
    {
      "identity" : "swiftyjson",
      "kind" : "remoteSourceControl",
      "location" : "https://github.com/SwiftyJSON/SwiftyJSON",
      "state" : {
        "revision" : "af76cf3ef710b6ca5f8c05f3a31307d44a3c5828",
        "version" : "5.0.2"
      }
    },
    {
      "identity" : "tomldecoder",
      "kind" : "remoteSourceControl",
      "location" : "https://github.com/dduan/TOMLDecoder",
      "state" : {
        "revision" : "fa1103a62b1c08cc08eabc58dda8b55887ff1622",
        "version" : "0.4.4"
      }
    },
    {
      "identity" : "zipfoundation",
      "kind" : "remoteSourceControl",
      "location" : "https://github.com/weichsel/ZIPFoundation",
      "state" : {
        "revision" : "22787ffb59de99e5dc1fbfe80b19c97a904ad48d",
        "version" : "0.9.20"
      }
    }
  ],
  "version" : 3
}
